
Microsoft Visual Studio Solution File, Format Version 12.00
# Visual Studio Version 17
VisualStudioVersion = 17.0.31903.59
MinimumVisualStudioVersion = 10.0.40219.1
Project("{FAE04EC0-301F-11D3-BF4B-00C04F79EFBC}") = "Selliverse.Server", "Selliverse.Server\Selliverse.Server.csproj", "{F519FF46-7DCB-4AD0-8E54-974FFF98D366}"
EndProject
Project("{FAE04EC0-301F-11D3-BF4B-00C04F79EFBC}") = "Assembly-CSharp", "SelliverseWebGL\Assembly-CSharp.csproj", "{7EA58986-DB26-950E-ADE4-E790C8C1BEFD}"
EndProject
Global
	GlobalSection(SolutionConfigurationPlatforms) = preSolution
		Debug|Any CPU = Debug|Any CPU
		Release|Any CPU = Release|Any CPU
	EndGlobalSection
	GlobalSection(ProjectConfigurationPlatforms) = postSolution
		{F519FF46-7DCB-4AD0-8E54-974FFF98D366}.Debug|Any CPU.ActiveCfg = Debug|Any CPU
		{F519FF46-7DCB-4AD0-8E54-974FFF98D366}.Debug|Any CPU.Build.0 = Debug|Any CPU
		{F519FF46-7DCB-4AD0-8E54-974FFF98D366}.Release|Any CPU.ActiveCfg = Release|Any CPU
		{F519FF46-7DCB-4AD0-8E54-974FFF98D366}.Release|Any CPU.Build.0 = Release|Any CPU
		{7EA58986-DB26-950E-ADE4-E790C8C1BEFD}.Debug|Any CPU.ActiveCfg = Debug|Any CPU
		{7EA58986-DB26-950E-ADE4-E790C8C1BEFD}.Debug|Any CPU.Build.0 = Debug|Any CPU
		{7EA58986-DB26-950E-ADE4-E790C8C1BEFD}.Release|Any CPU.ActiveCfg = Release|Any CPU
		{7EA58986-DB26-950E-ADE4-E790C8C1BEFD}.Release|Any CPU.Build.0 = Release|Any CPU
	EndGlobalSection
	GlobalSection(SolutionProperties) = preSolution
		HideSolutionNode = FALSE
	EndGlobalSection
	GlobalSection(ExtensibilityGlobals) = postSolution
		SolutionGuid = {E8364FF6-73AB-4CC3-BD30-7A80E55815D8}
	EndGlobalSection
EndGlobal
